// !$*UTF8*$!
{
	archiveVersion = 1;
	classes = {
	};
	objectVersion = 46;
	objects = {

/* Begin PBXBuildFile section */
		E105C2FC1C25D98000B05074 /* OTMTableViewController.swift in Sources */ = {isa = PBXBuildFile; fileRef = E105C2FB1C25D98000B05074 /* OTMTableViewController.swift */; };
		E11BAE401C270410002A03D3 /* StudentLocations.swift in Sources */ = {isa = PBXBuildFile; fileRef = E11BAE3F1C270410002A03D3 /* StudentLocations.swift */; };
		E11BAE421C270688002A03D3 /* StudentTableCell.swift in Sources */ = {isa = PBXBuildFile; fileRef = E11BAE411C270688002A03D3 /* StudentTableCell.swift */; };
		E193A95F1C1E1E1B00E71618 /* AppDelegate.swift in Sources */ = {isa = PBXBuildFile; fileRef = E193A95E1C1E1E1B00E71618 /* AppDelegate.swift */; };
		E193A9611C1E1E1B00E71618 /* LoginViewController.swift in Sources */ = {isa = PBXBuildFile; fileRef = E193A9601C1E1E1B00E71618 /* LoginViewController.swift */; };
		E193A9641C1E1E1B00E71618 /* Main.storyboard in Resources */ = {isa = PBXBuildFile; fileRef = E193A9621C1E1E1B00E71618 /* Main.storyboard */; };
		E193A9661C1E1E1B00E71618 /* Assets.xcassets in Resources */ = {isa = PBXBuildFile; fileRef = E193A9651C1E1E1B00E71618 /* Assets.xcassets */; };
		E193A9691C1E1E1B00E71618 /* LaunchScreen.storyboard in Resources */ = {isa = PBXBuildFile; fileRef = E193A9671C1E1E1B00E71618 /* LaunchScreen.storyboard */; };
		E193A9741C1E1E1B00E71618 /* OnTheMapTests.swift in Sources */ = {isa = PBXBuildFile; fileRef = E193A9731C1E1E1B00E71618 /* OnTheMapTests.swift */; };
		E193A97F1C1E1E1C00E71618 /* OnTheMapUITests.swift in Sources */ = {isa = PBXBuildFile; fileRef = E193A97E1C1E1E1C00E71618 /* OnTheMapUITests.swift */; };
		E1A6B4A81C20DF5400A957C2 /* OTMClient.swift in Sources */ = {isa = PBXBuildFile; fileRef = E1A6B4A71C20DF5400A957C2 /* OTMClient.swift */; };
		E1A6B4AA1C20E4D500A957C2 /* OTMConstants.swift in Sources */ = {isa = PBXBuildFile; fileRef = E1A6B4A91C20E4D500A957C2 /* OTMConstants.swift */; };
		E1A6B4AC1C21331100A957C2 /* OTMConvenience.swift in Sources */ = {isa = PBXBuildFile; fileRef = E1A6B4AB1C21331100A957C2 /* OTMConvenience.swift */; };
		E1B4B36D1C2A102E00D33C0F /* PostLocationViewController.swift in Sources */ = {isa = PBXBuildFile; fileRef = E1B4B36C1C2A102E00D33C0F /* PostLocationViewController.swift */; };
		E1BE66FD1C2CDBE600428D53 /* UserData.swift in Sources */ = {isa = PBXBuildFile; fileRef = E1BE66FC1C2CDBE600428D53 /* UserData.swift */; };
		E1FD69261C24F1D20074308E /* MapViewController.swift in Sources */ = {isa = PBXBuildFile; fileRef = E1FD69251C24F1D20074308E /* MapViewController.swift */; };
/* End PBXBuildFile section */

/* Begin PBXContainerItemProxy section */
		E193A9701C1E1E1B00E71618 /* PBXContainerItemProxy */ = {
			isa = PBXContainerItemProxy;
			containerPortal = E193A9531C1E1E1A00E71618 /* Project object */;
			proxyType = 1;
			remoteGlobalIDString = E193A95A1C1E1E1A00E71618;
			remoteInfo = OnTheMap;
		};
		E193A97B1C1E1E1C00E71618 /* PBXContainerItemProxy */ = {
			isa = PBXContainerItemProxy;
			containerPortal = E193A9531C1E1E1A00E71618 /* Project object */;
			proxyType = 1;
			remoteGlobalIDString = E193A95A1C1E1E1A00E71618;
			remoteInfo = OnTheMap;
		};
/* End PBXContainerItemProxy section */

/* Begin PBXFileReference section */
		E105C2FB1C25D98000B05074 /* OTMTableViewController.swift */ = {isa = PBXFileReference; fileEncoding = 4; lastKnownFileType = sourcecode.swift; path = OTMTableViewController.swift; sourceTree = "<group>"; };
		E11BAE3F1C270410002A03D3 /* StudentLocations.swift */ = {isa = PBXFileReference; fileEncoding = 4; lastKnownFileType = sourcecode.swift; path = StudentLocations.swift; sourceTree = "<group>"; };
		E11BAE411C270688002A03D3 /* StudentTableCell.swift */ = {isa = PBXFileReference; fileEncoding = 4; lastKnownFileType = sourcecode.swift; path = StudentTableCell.swift; sourceTree = "<group>"; };
		E193A95B1C1E1E1B00E71618 /* OnTheMap.app */ = {isa = PBXFileReference; explicitFileType = wrapper.application; includeInIndex = 0; path = OnTheMap.app; sourceTree = BUILT_PRODUCTS_DIR; };
		E193A95E1C1E1E1B00E71618 /* AppDelegate.swift */ = {isa = PBXFileReference; lastKnownFileType = sourcecode.swift; path = AppDelegate.swift; sourceTree = "<group>"; };
		E193A9601C1E1E1B00E71618 /* LoginViewController.swift */ = {isa = PBXFileReference; lastKnownFileType = sourcecode.swift; path = LoginViewController.swift; sourceTree = "<group>"; };
		E193A9631C1E1E1B00E71618 /* Base */ = {isa = PBXFileReference; lastKnownFileType = file.storyboard; name = Base; path = Base.lproj/Main.storyboard; sourceTree = "<group>"; };
		E193A9651C1E1E1B00E71618 /* Assets.xcassets */ = {isa = PBXFileReference; lastKnownFileType = folder.assetcatalog; path = Assets.xcassets; sourceTree = "<group>"; };
		E193A9681C1E1E1B00E71618 /* Base */ = {isa = PBXFileReference; lastKnownFileType = file.storyboard; name = Base; path = Base.lproj/LaunchScreen.storyboard; sourceTree = "<group>"; };
		E193A96A1C1E1E1B00E71618 /* Info.plist */ = {isa = PBXFileReference; lastKnownFileType = text.plist.xml; path = Info.plist; sourceTree = "<group>"; };
		E193A96F1C1E1E1B00E71618 /* OnTheMapTests.xctest */ = {isa = PBXFileReference; explicitFileType = wrapper.cfbundle; includeInIndex = 0; path = OnTheMapTests.xctest; sourceTree = BUILT_PRODUCTS_DIR; };
		E193A9731C1E1E1B00E71618 /* OnTheMapTests.swift */ = {isa = PBXFileReference; lastKnownFileType = sourcecode.swift; path = OnTheMapTests.swift; sourceTree = "<group>"; };
		E193A9751C1E1E1C00E71618 /* Info.plist */ = {isa = PBXFileReference; lastKnownFileType = text.plist.xml; path = Info.plist; sourceTree = "<group>"; };
		E193A97A1C1E1E1C00E71618 /* OnTheMapUITests.xctest */ = {isa = PBXFileReference; explicitFileType = wrapper.cfbundle; includeInIndex = 0; path = OnTheMapUITests.xctest; sourceTree = BUILT_PRODUCTS_DIR; };
		E193A97E1C1E1E1C00E71618 /* OnTheMapUITests.swift */ = {isa = PBXFileReference; lastKnownFileType = sourcecode.swift; path = OnTheMapUITests.swift; sourceTree = "<group>"; };
		E193A9801C1E1E1C00E71618 /* Info.plist */ = {isa = PBXFileReference; lastKnownFileType = text.plist.xml; path = Info.plist; sourceTree = "<group>"; };
		E1A6B4A71C20DF5400A957C2 /* OTMClient.swift */ = {isa = PBXFileReference; fileEncoding = 4; lastKnownFileType = sourcecode.swift; path = OTMClient.swift; sourceTree = "<group>"; };
		E1A6B4A91C20E4D500A957C2 /* OTMConstants.swift */ = {isa = PBXFileReference; fileEncoding = 4; lastKnownFileType = sourcecode.swift; path = OTMConstants.swift; sourceTree = "<group>"; };
		E1A6B4AB1C21331100A957C2 /* OTMConvenience.swift */ = {isa = PBXFileReference; fileEncoding = 4; lastKnownFileType = sourcecode.swift; path = OTMConvenience.swift; sourceTree = "<group>"; };
		E1B4B36C1C2A102E00D33C0F /* PostLocationViewController.swift */ = {isa = PBXFileReference; fileEncoding = 4; lastKnownFileType = sourcecode.swift; path = PostLocationViewController.swift; sourceTree = "<group>"; };
		E1BE66FC1C2CDBE600428D53 /* UserData.swift */ = {isa = PBXFileReference; fileEncoding = 4; lastKnownFileType = sourcecode.swift; path = UserData.swift; sourceTree = "<group>"; };
		E1FD69251C24F1D20074308E /* MapViewController.swift */ = {isa = PBXFileReference; fileEncoding = 4; lastKnownFileType = sourcecode.swift; path = MapViewController.swift; sourceTree = "<group>"; };
/* End PBXFileReference section */

/* Begin PBXFrameworksBuildPhase section */
		E193A9581C1E1E1A00E71618 /* Frameworks */ = {
			isa = PBXFrameworksBuildPhase;
			buildActionMask = 2147483647;
			files = (
			);
			runOnlyForDeploymentPostprocessing = 0;
		};
		E193A96C1C1E1E1B00E71618 /* Frameworks */ = {
			isa = PBXFrameworksBuildPhase;
			buildActionMask = 2147483647;
			files = (
			);
			runOnlyForDeploymentPostprocessing = 0;
		};
		E193A9771C1E1E1C00E71618 /* Frameworks */ = {
			isa = PBXFrameworksBuildPhase;
			buildActionMask = 2147483647;
			files = (
			);
			runOnlyForDeploymentPostprocessing = 0;
		};
/* End PBXFrameworksBuildPhase section */

/* Begin PBXGroup section */
		E193A9521C1E1E1A00E71618 = {
			isa = PBXGroup;
			children = (
				E193A95D1C1E1E1B00E71618 /* OnTheMap */,
				E193A9721C1E1E1B00E71618 /* OnTheMapTests */,
				E193A97D1C1E1E1C00E71618 /* OnTheMapUITests */,
				E193A95C1C1E1E1B00E71618 /* Products */,
			);
			sourceTree = "<group>";
		};
		E193A95C1C1E1E1B00E71618 /* Products */ = {
			isa = PBXGroup;
			children = (
				E193A95B1C1E1E1B00E71618 /* OnTheMap.app */,
				E193A96F1C1E1E1B00E71618 /* OnTheMapTests.xctest */,
				E193A97A1C1E1E1C00E71618 /* OnTheMapUITests.xctest */,
			);
			name = Products;
			sourceTree = "<group>";
		};
		E193A95D1C1E1E1B00E71618 /* OnTheMap */ = {
			isa = PBXGroup;
			children = (
				E193A95E1C1E1E1B00E71618 /* AppDelegate.swift */,
				E193A9601C1E1E1B00E71618 /* LoginViewController.swift */,
				E1A6B4AB1C21331100A957C2 /* OTMConvenience.swift */,
				E1A6B4A71C20DF5400A957C2 /* OTMClient.swift */,
				E1A6B4A91C20E4D500A957C2 /* OTMConstants.swift */,
				E11BAE3F1C270410002A03D3 /* StudentLocations.swift */,
				E193A9621C1E1E1B00E71618 /* Main.storyboard */,
				E1B4B36C1C2A102E00D33C0F /* PostLocationViewController.swift */,
				E1BE66FC1C2CDBE600428D53 /* UserData.swift */,
				E105C2FB1C25D98000B05074 /* OTMTableViewController.swift */,
				E11BAE411C270688002A03D3 /* StudentTableCell.swift */,
				E193A9651C1E1E1B00E71618 /* Assets.xcassets */,
				E193A9671C1E1E1B00E71618 /* LaunchScreen.storyboard */,
				E193A96A1C1E1E1B00E71618 /* Info.plist */,
				E1FD69251C24F1D20074308E /* MapViewController.swift */,
			);
			path = OnTheMap;
			sourceTree = "<group>";
		};
		E193A9721C1E1E1B00E71618 /* OnTheMapTests */ = {
			isa = PBXGroup;
			children = (
				E193A9731C1E1E1B00E71618 /* OnTheMapTests.swift */,
				E193A9751C1E1E1C00E71618 /* Info.plist */,
			);
			path = OnTheMapTests;
			sourceTree = "<group>";
		};
		E193A97D1C1E1E1C00E71618 /* OnTheMapUITests */ = {
			isa = PBXGroup;
			children = (
				E193A97E1C1E1E1C00E71618 /* OnTheMapUITests.swift */,
				E193A9801C1E1E1C00E71618 /* Info.plist */,
			);
			path = OnTheMapUITests;
			sourceTree = "<group>";
		};
/* End PBXGroup section */

/* Begin PBXNativeTarget section */
		E193A95A1C1E1E1A00E71618 /* OnTheMap */ = {
			isa = PBXNativeTarget;
			buildConfigurationList = E193A9831C1E1E1C00E71618 /* Build configuration list for PBXNativeTarget "OnTheMap" */;
			buildPhases = (
				E193A9571C1E1E1A00E71618 /* Sources */,
				E193A9581C1E1E1A00E71618 /* Frameworks */,
				E193A9591C1E1E1A00E71618 /* Resources */,
			);
			buildRules = (
			);
			dependencies = (
			);
			name = OnTheMap;
			productName = OnTheMap;
			productReference = E193A95B1C1E1E1B00E71618 /* OnTheMap.app */;
			productType = "com.apple.product-type.application";
		};
		E193A96E1C1E1E1B00E71618 /* OnTheMapTests */ = {
			isa = PBXNativeTarget;
			buildConfigurationList = E193A9861C1E1E1C00E71618 /* Build configuration list for PBXNativeTarget "OnTheMapTests" */;
			buildPhases = (
				E193A96B1C1E1E1B00E71618 /* Sources */,
				E193A96C1C1E1E1B00E71618 /* Frameworks */,
				E193A96D1C1E1E1B00E71618 /* Resources */,
			);
			buildRules = (
			);
			dependencies = (
				E193A9711C1E1E1B00E71618 /* PBXTargetDependency */,
			);
			name = OnTheMapTests;
			productName = OnTheMapTests;
			productReference = E193A96F1C1E1E1B00E71618 /* OnTheMapTests.xctest */;
			productType = "com.apple.product-type.bundle.unit-test";
		};
		E193A9791C1E1E1C00E71618 /* OnTheMapUITests */ = {
			isa = PBXNativeTarget;
			buildConfigurationList = E193A9891C1E1E1C00E71618 /* Build configuration list for PBXNativeTarget "OnTheMapUITests" */;
			buildPhases = (
				E193A9761C1E1E1C00E71618 /* Sources */,
				E193A9771C1E1E1C00E71618 /* Frameworks */,
				E193A9781C1E1E1C00E71618 /* Resources */,
			);
			buildRules = (
			);
			dependencies = (
				E193A97C1C1E1E1C00E71618 /* PBXTargetDependency */,
			);
			name = OnTheMapUITests;
			productName = OnTheMapUITests;
			productReference = E193A97A1C1E1E1C00E71618 /* OnTheMapUITests.xctest */;
			productType = "com.apple.product-type.bundle.ui-testing";
		};
/* End PBXNativeTarget section */

/* Begin PBXProject section */
		E193A9531C1E1E1A00E71618 /* Project object */ = {
			isa = PBXProject;
			attributes = {
				LastUpgradeCheck = 0700;
				ORGANIZATIONNAME = janaki;
				TargetAttributes = {
					E193A95A1C1E1E1A00E71618 = {
						CreatedOnToolsVersion = 7.0.1;
						DevelopmentTeam = SP7B2P8458;
					};
					E193A96E1C1E1E1B00E71618 = {
						CreatedOnToolsVersion = 7.0.1;
						TestTargetID = E193A95A1C1E1E1A00E71618;
					};
					E193A9791C1E1E1C00E71618 = {
						CreatedOnToolsVersion = 7.0.1;
						TestTargetID = E193A95A1C1E1E1A00E71618;
					};
				};
			};
			buildConfigurationList = E193A9561C1E1E1A00E71618 /* Build configuration list for PBXProject "OnTheMap" */;
			compatibilityVersion = "Xcode 3.2";
			developmentRegion = English;
			hasScannedForEncodings = 0;
			knownRegions = (
				en,
				Base,
			);
			mainGroup = E193A9521C1E1E1A00E71618;
			productRefGroup = E193A95C1C1E1E1B00E71618 /* Products */;
			projectDirPath = "";
			projectRoot = "";
			targets = (
				E193A95A1C1E1E1A00E71618 /* OnTheMap */,
				E193A96E1C1E1E1B00E71618 /* OnTheMapTests */,
				E193A9791C1E1E1C00E71618 /* OnTheMapUITests */,
			);
		};
/* End PBXProject section */

/* Begin PBXResourcesBuildPhase section */
		E193A9591C1E1E1A00E71618 /* Resources */ = {
			isa = PBXResourcesBuildPhase;
			buildActionMask = 2147483647;
			files = (
				E193A9691C1E1E1B00E71618 /* LaunchScreen.storyboard in Resources */,
				E193A9661C1E1E1B00E71618 /* Assets.xcassets in Resources */,
				E193A9641C1E1E1B00E71618 /* Main.storyboard in Resources */,
			);
			runOnlyForDeploymentPostprocessing = 0;
		};
		E193A96D1C1E1E1B00E71618 /* Resources */ = {
			isa = PBXResourcesBuildPhase;
			buildActionMask = 2147483647;
			files = (
			);
			runOnlyForDeploymentPostprocessing = 0;
		};
		E193A9781C1E1E1C00E71618 /* Resources */ = {
			isa = PBXResourcesBuildPhase;
			buildActionMask = 2147483647;
			files = (
			);
			runOnlyForDeploymentPostprocessing = 0;
		};
/* End PBXResourcesBuildPhase section */

/* Begin PBXSourcesBuildPhase section */
		E193A9571C1E1E1A00E71618 /* Sources */ = {
			isa = PBXSourcesBuildPhase;
			buildActionMask = 2147483647;
			files = (
				E1A6B4AC1C21331100A957C2 /* OTMConvenience.swift in Sources */,
				E11BAE421C270688002A03D3 /* StudentTableCell.swift in Sources */,
				E1FD69261C24F1D20074308E /* MapViewController.swift in Sources */,
				E105C2FC1C25D98000B05074 /* OTMTableViewController.swift in Sources */,
				E193A9611C1E1E1B00E71618 /* LoginViewController.swift in Sources */,
				E1BE66FD1C2CDBE600428D53 /* UserData.swift in Sources */,
				E11BAE401C270410002A03D3 /* StudentLocations.swift in Sources */,
				E1A6B4A81C20DF5400A957C2 /* OTMClient.swift in Sources */,
				E1A6B4AA1C20E4D500A957C2 /* OTMConstants.swift in Sources */,
				E1B4B36D1C2A102E00D33C0F /* PostLocationViewController.swift in Sources */,
				E193A95F1C1E1E1B00E71618 /* AppDelegate.swift in Sources */,
			);
			runOnlyForDeploymentPostprocessing = 0;
		};
		E193A96B1C1E1E1B00E71618 /* Sources */ = {
			isa = PBXSourcesBuildPhase;
			buildActionMask = 2147483647;
			files = (
				E193A9741C1E1E1B00E71618 /* OnTheMapTests.swift in Sources */,
			);
			runOnlyForDeploymentPostprocessing = 0;
		};
		E193A9761C1E1E1C00E71618 /* Sources */ = {
			isa = PBXSourcesBuildPhase;
			buildActionMask = 2147483647;
			files = (
				E193A97F1C1E1E1C00E71618 /* OnTheMapUITests.swift in Sources */,
			);
			runOnlyForDeploymentPostprocessing = 0;
		};
/* End PBXSourcesBuildPhase section */

/* Begin PBXTargetDependency section */
		E193A9711C1E1E1B00E71618 /* PBXTargetDependency */ = {
			isa = PBXTargetDependency;
			target = E193A95A1C1E1E1A00E71618 /* OnTheMap */;
			targetProxy = E193A9701C1E1E1B00E71618 /* PBXContainerItemProxy */;
		};
		E193A97C1C1E1E1C00E71618 /* PBXTargetDependency */ = {
			isa = PBXTargetDependency;
			target = E193A95A1C1E1E1A00E71618 /* OnTheMap */;
			targetProxy = E193A97B1C1E1E1C00E71618 /* PBXContainerItemProxy */;
		};
/* End PBXTargetDependency section */

/* Begin PBXVariantGroup section */
		E193A9621C1E1E1B00E71618 /* Main.storyboard */ = {
			isa = PBXVariantGroup;
			children = (
				E193A9631C1E1E1B00E71618 /* Base */,
			);
			name = Main.storyboard;
			sourceTree = "<group>";
		};
		E193A9671C1E1E1B00E71618 /* LaunchScreen.storyboard */ = {
			isa = PBXVariantGroup;
			children = (
				E193A9681C1E1E1B00E71618 /* Base */,
			);
			name = LaunchScreen.storyboard;
			sourceTree = "<group>";
		};
/* End PBXVariantGroup section */

/* Begin XCBuildConfiguration section */
		E193A9811C1E1E1C00E71618 /* Debug */ = {
			isa = XCBuildConfiguration;
			buildSettings = {
				ALWAYS_SEARCH_USER_PATHS = NO;
				CLANG_CXX_LANGUAGE_STANDARD = "gnu++0x";
				CLANG_CXX_LIBRARY = "libc++";
				CLANG_ENABLE_MODULES = YES;
				CLANG_ENABLE_OBJC_ARC = YES;
				CLANG_WARN_BOOL_CONVERSION = YES;
				CLANG_WARN_CONSTANT_CONVERSION = YES;
				CLANG_WARN_DIRECT_OBJC_ISA_USAGE = YES_ERROR;
				CLANG_WARN_EMPTY_BODY = YES;
				CLANG_WARN_ENUM_CONVERSION = YES;
				CLANG_WARN_INT_CONVERSION = YES;
				CLANG_WARN_OBJC_ROOT_CLASS = YES_ERROR;
				CLANG_WARN_UNREACHABLE_CODE = YES;
				CLANG_WARN__DUPLICATE_METHOD_MATCH = YES;
				"CODE_SIGN_IDENTITY[sdk=iphoneos*]" = "iPhone Developer";
				COPY_PHASE_STRIP = NO;
				DEBUG_INFORMATION_FORMAT = dwarf;
				ENABLE_STRICT_OBJC_MSGSEND = YES;
				ENABLE_TESTABILITY = YES;
				GCC_C_LANGUAGE_STANDARD = gnu99;
				GCC_DYNAMIC_NO_PIC = NO;
				GCC_NO_COMMON_BLOCKS = YES;
				GCC_OPTIMIZATION_LEVEL = 0;
				GCC_PREPROCESSOR_DEFINITIONS = (
					"DEBUG=1",
					"$(inherited)",
				);
				GCC_WARN_64_TO_32_BIT_CONVERSION = YES;
				GCC_WARN_ABOUT_RETURN_TYPE = YES_ERROR;
				GCC_WARN_UNDECLARED_SELECTOR = YES;
				GCC_WARN_UNINITIALIZED_AUTOS = YES_AGGRESSIVE;
				GCC_WARN_UNUSED_FUNCTION = YES;
				GCC_WARN_UNUSED_VARIABLE = YES;
				IPHONEOS_DEPLOYMENT_TARGET = 9.0;
				MTL_ENABLE_DEBUG_INFO = YES;
				ONLY_ACTIVE_ARCH = YES;
				SDKROOT = iphoneos;
				SWIFT_OPTIMIZATION_LEVEL = "-Onone";
			};
			name = Debug;
		};
		E193A9821C1E1E1C00E71618 /* Release */ = {
			isa = XCBuildConfiguration;
			buildSettings = {
				ALWAYS_SEARCH_USER_PATHS = NO;
				CLANG_CXX_LANGUAGE_STANDARD = "gnu++0x";
				CLANG_CXX_LIBRARY = "libc++";
				CLANG_ENABLE_MODULES = YES;
				CLANG_ENABLE_OBJC_ARC = YES;
				CLANG_WARN_BOOL_CONVERSION = YES;
				CLANG_WARN_CONSTANT_CONVERSION = YES;
				CLANG_WARN_DIRECT_OBJC_ISA_USAGE = YES_ERROR;
				CLANG_WARN_EMPTY_BODY = YES;
				CLANG_WARN_ENUM_CONVERSION = YES;
				CLANG_WARN_INT_CONVERSION = YES;
				CLANG_WARN_OBJC_ROOT_CLASS = YES_ERROR;
				CLANG_WARN_UNREACHABLE_CODE = YES;
				CLANG_WARN__DUPLICATE_METHOD_MATCH = YES;
				"CODE_SIGN_IDENTITY[sdk=iphoneos*]" = "iPhone Developer";
				COPY_PHASE_STRIP = NO;
				DEBUG_INFORMATION_FORMAT = "dwarf-with-dsym";
				ENABLE_NS_ASSERTIONS = NO;
				ENABLE_STRICT_OBJC_MSGSEND = YES;
				GCC_C_LANGUAGE_STANDARD = gnu99;
				GCC_NO_COMMON_BLOCKS = YES;
				GCC_WARN_64_TO_32_BIT_CONVERSION = YES;
				GCC_WARN_ABOUT_RETURN_TYPE = YES_ERROR;
				GCC_WARN_UNDECLARED_SELECTOR = YES;
				GCC_WARN_UNINITIALIZED_AUTOS = YES_AGGRESSIVE;
				GCC_WARN_UNUSED_FUNCTION = YES;
				GCC_WARN_UNUSED_VARIABLE = YES;
				IPHONEOS_DEPLOYMENT_TARGET = 9.0;
				MTL_ENABLE_DEBUG_INFO = NO;
				SDKROOT = iphoneos;
				VALIDATE_PRODUCT = YES;
			};
			name = Release;
		};
		E193A9841C1E1E1C00E71618 /* Debug */ = {
			isa = XCBuildConfiguration;
			buildSettings = {
				ASSETCATALOG_COMPILER_APPICON_NAME = AppIcon;
				CODE_SIGN_IDENTITY = "iPhone Developer";
				"CODE_SIGN_IDENTITY[sdk=iphoneos*]" = "iPhone Developer";
				INFOPLIST_FILE = OnTheMap/Info.plist;
				IPHONEOS_DEPLOYMENT_TARGET = 9.0;
				LD_RUNPATH_SEARCH_PATHS = "$(inherited) @executable_path/Frameworks";
				PRODUCT_BUNDLE_IDENTIFIER = com.janaki.OnTheMap;
				PRODUCT_NAME = "$(TARGET_NAME)";
				PROVISIONING_PROFILE = "";
			};
			name = Debug;
		};
		E193A9851C1E1E1C00E71618 /* Release */ = {
			isa = XCBuildConfiguration;
			buildSettings = {
				ASSETCATALOG_COMPILER_APPICON_NAME = AppIcon;
				CODE_SIGN_IDENTITY = "iPhone Developer";
				"CODE_SIGN_IDENTITY[sdk=iphoneos*]" = "iPhone Developer";
				INFOPLIST_FILE = OnTheMap/Info.plist;
				IPHONEOS_DEPLOYMENT_TARGET = 9.0;
				LD_RUNPATH_SEARCH_PATHS = "$(inherited) @executable_path/Frameworks";
				PRODUCT_BUNDLE_IDENTIFIER = com.janaki.OnTheMap;
				PRODUCT_NAME = "$(TARGET_NAME)";
				PROVISIONING_PROFILE = "";
			};
			name = Release;
		};
		E193A9871C1E1E1C00E71618 /* Debug */ = {
			isa = XCBuildConfiguration;
			buildSettings = {
				BUNDLE_LOADER = "$(TEST_HOST)";
				INFOPLIST_FILE = OnTheMapTests/Info.plist;
				LD_RUNPATH_SEARCH_PATHS = "$(inherited) @executable_path/Frameworks @loader_path/Frameworks";
				PRODUCT_BUNDLE_IDENTIFIER = com.janaki.OnTheMapTests;
				PRODUCT_NAME = "$(TARGET_NAME)";
				TEST_HOST = "$(BUILT_PRODUCTS_DIR)/OnTheMap.app/OnTheMap";
			};
			name = Debug;
		};
		E193A9881C1E1E1C00E71618 /* Release */ = {
			isa = XCBuildConfiguration;
			buildSettings = {
				BUNDLE_LOADER = "$(TEST_HOST)";
				INFOPLIST_FILE = OnTheMapTests/Info.plist;
				LD_RUNPATH_SEARCH_PATHS = "$(inherited) @executable_path/Frameworks @loader_path/Frameworks";
				PRODUCT_BUNDLE_IDENTIFIER = com.janaki.OnTheMapTests;
				PRODUCT_NAME = "$(TARGET_NAME)";
				TEST_HOST = "$(BUILT_PRODUCTS_DIR)/OnTheMap.app/OnTheMap";
			};
			name = Release;
		};
		E193A98A1C1E1E1C00E71618 /* Debug */ = {
			isa = XCBuildConfiguration;
			buildSettings = {
				INFOPLIST_FILE = OnTheMapUITests/Info.plist;
				LD_RUNPATH_SEARCH_PATHS = "$(inherited) @executable_path/Frameworks @loader_path/Frameworks";
				PRODUCT_BUNDLE_IDENTIFIER = com.janaki.OnTheMapUITests;
				PRODUCT_NAME = "$(TARGET_NAME)";
				TEST_TARGET_NAME = OnTheMap;
				USES_XCTRUNNER = YES;
			};
			name = Debug;
		};
		E193A98B1C1E1E1C00E71618 /* Release */ = {
			isa = XCBuildConfiguration;
			buildSettings = {
				INFOPLIST_FILE = OnTheMapUITests/Info.plist;
				LD_RUNPATH_SEARCH_PATHS = "$(inherited) @executable_path/Frameworks @loader_path/Frameworks";
				PRODUCT_BUNDLE_IDENTIFIER = com.janaki.OnTheMapUITests;
				PRODUCT_NAME = "$(TARGET_NAME)";
				TEST_TARGET_NAME = OnTheMap;
				USES_XCTRUNNER = YES;
			};
			name = Release;
		};
/* End XCBuildConfiguration section */

/* Begin XCConfigurationList section */
		E193A9561C1E1E1A00E71618 /* Build configuration list for PBXProject "OnTheMap" */ = {
			isa = XCConfigurationList;
			buildConfigurations = (
				E193A9811C1E1E1C00E71618 /* Debug */,
				E193A9821C1E1E1C00E71618 /* Release */,
			);
			defaultConfigurationIsVisible = 0;
			defaultConfigurationName = Release;
		};
		E193A9831C1E1E1C00E71618 /* Build configuration list for PBXNativeTarget "OnTheMap" */ = {
			isa = XCConfigurationList;
			buildConfigurations = (
				E193A9841C1E1E1C00E71618 /* Debug */,
				E193A9851C1E1E1C00E71618 /* Release */,
			);
			defaultConfigurationIsVisible = 0;
			defaultConfigurationName = Release;
		};
		E193A9861C1E1E1C00E71618 /* Build configuration list for PBXNativeTarget "OnTheMapTests" */ = {
			isa = XCConfigurationList;
			buildConfigurations = (
				E193A9871C1E1E1C00E71618 /* Debug */,
				E193A9881C1E1E1C00E71618 /* Release */,
			);
			defaultConfigurationIsVisible = 0;
			defaultConfigurationName = Release;
		};
		E193A9891C1E1E1C00E71618 /* Build configuration list for PBXNativeTarget "OnTheMapUITests" */ = {
			isa = XCConfigurationList;
			buildConfigurations = (
				E193A98A1C1E1E1C00E71618 /* Debug */,
				E193A98B1C1E1E1C00E71618 /* Release */,
			);
			defaultConfigurationIsVisible = 0;
			defaultConfigurationName = Release;
		};
/* End XCConfigurationList section */
	};
	rootObject = E193A9531C1E1E1A00E71618 /* Project object */;
}
